
Microsoft Visual Studio Solution File, Format Version 12.00
# Visual Studio Version 17
VisualStudioVersion = 17.8.34330.188
MinimumVisualStudioVersion = 10.0.40219.1
Project("{9A19103F-16F7-4668-BE54-9A1E7A4F7556}") = "ExceleTech.API", "ExceleTech.API\ExceleTech.API.csproj", "{B2BC6C2E-E775-48E0-8577-E4DEE0420A3E}"
EndProject
Project("{9A19103F-16F7-4668-BE54-9A1E7A4F7556}") = "ExceleTech.Domain", "ExceleTech.Domain\ExceleTech.Domain.csproj", "{584A08AC-610B-4FED-BA8B-6D63488A820A}"
EndProject
Project("{9A19103F-16F7-4668-BE54-9A1E7A4F7556}") = "ExceleTech.Application", "ExceleTech.Application\ExceleTech.Application.csproj", "{4BAC9545-0FDF-4447-949F-5038E00AEF10}"
EndProject
Project("{9A19103F-16F7-4668-BE54-9A1E7A4F7556}") = "ExceleTech.Infrastructure", "ExceleTech.Infrastructure\ExceleTech.Infrastructure.csproj", "{FEEF6388-4F21-4D63-BAA6-A6167E3389F1}"
EndProject
Project("{E53339B2-1760-4266-BCC7-CA923CBCF16C}") = "docker-compose", "docker-compose.dcproj", "{D0A665F8-9896-4074-B918-9AF3D3349D88}"
EndProject
Global
	GlobalSection(SolutionConfigurationPlatforms) = preSolution
		Debug|Any CPU = Debug|Any CPU
		Release|Any CPU = Release|Any CPU
	EndGlobalSection
	GlobalSection(ProjectConfigurationPlatforms) = postSolution
		{B2BC6C2E-E775-48E0-8577-E4DEE0420A3E}.Debug|Any CPU.ActiveCfg = Debug|Any CPU
		{B2BC6C2E-E775-48E0-8577-E4DEE0420A3E}.Debug|Any CPU.Build.0 = Debug|Any CPU
		{B2BC6C2E-E775-48E0-8577-E4DEE0420A3E}.Release|Any CPU.ActiveCfg = Release|Any CPU
		{B2BC6C2E-E775-48E0-8577-E4DEE0420A3E}.Release|Any CPU.Build.0 = Release|Any CPU
		{584A08AC-610B-4FED-BA8B-6D63488A820A}.Debug|Any CPU.ActiveCfg = Debug|Any CPU
		{584A08AC-610B-4FED-BA8B-6D63488A820A}.Debug|Any CPU.Build.0 = Debug|Any CPU
		{584A08AC-610B-4FED-BA8B-6D63488A820A}.Release|Any CPU.ActiveCfg = Release|Any CPU
		{584A08AC-610B-4FED-BA8B-6D63488A820A}.Release|Any CPU.Build.0 = Release|Any CPU
		{4BAC9545-0FDF-4447-949F-5038E00AEF10}.Debug|Any CPU.ActiveCfg = Debug|Any CPU
		{4BAC9545-0FDF-4447-949F-5038E00AEF10}.Debug|Any CPU.Build.0 = Debug|Any CPU
		{4BAC9545-0FDF-4447-949F-5038E00AEF10}.Release|Any CPU.ActiveCfg = Release|Any CPU
		{4BAC9545-0FDF-4447-949F-5038E00AEF10}.Release|Any CPU.Build.0 = Release|Any CPU
		{FEEF6388-4F21-4D63-BAA6-A6167E3389F1}.Debug|Any CPU.ActiveCfg = Debug|Any CPU
		{FEEF6388-4F21-4D63-BAA6-A6167E3389F1}.Debug|Any CPU.Build.0 = Debug|Any CPU
		{FEEF6388-4F21-4D63-BAA6-A6167E3389F1}.Release|Any CPU.ActiveCfg = Release|Any CPU
		{FEEF6388-4F21-4D63-BAA6-A6167E3389F1}.Release|Any CPU.Build.0 = Release|Any CPU
		{D0A665F8-9896-4074-B918-9AF3D3349D88}.Debug|Any CPU.ActiveCfg = Debug|Any CPU
		{D0A665F8-9896-4074-B918-9AF3D3349D88}.Debug|Any CPU.Build.0 = Debug|Any CPU
		{D0A665F8-9896-4074-B918-9AF3D3349D88}.Release|Any CPU.ActiveCfg = Release|Any CPU
		{D0A665F8-9896-4074-B918-9AF3D3349D88}.Release|Any CPU.Build.0 = Release|Any CPU
	EndGlobalSection
	GlobalSection(SolutionProperties) = preSolution
		HideSolutionNode = FALSE
	EndGlobalSection
	GlobalSection(ExtensibilityGlobals) = postSolution
		SolutionGuid = {69F20F5A-33B3-43B6-9363-8817014A33EE}
	EndGlobalSection
EndGlobal
